
Microsoft Visual Studio Solution File, Format Version 12.00
# Visual Studio Version 17
VisualStudioVersion = 17.0.31903.59
MinimumVisualStudioVersion = 10.0.40219.1
Project("{2150E333-8FDC-42A3-9474-1A3956D46DE8}") = "src", "src", "{1043858B-DD97-4B5D-962F-FF5C88587555}"
EndProject
Project("{FAE04EC0-301F-11D3-BF4B-00C04F79EFBC}") = "AuctionService", "src\AuctionService\AuctionService.csproj", "{E50D09D5-15D3-4A42-931C-0EB4E0CF2A36}"
EndProject
Project("{FAE04EC0-301F-11D3-BF4B-00C04F79EFBC}") = "SearchService", "src\SearchService\SearchService.csproj", "{45C169EA-D587-4FD1-86B6-DDC3BF358DBF}"
EndProject
Global
	GlobalSection(SolutionConfigurationPlatforms) = preSolution
		Debug|Any CPU = Debug|Any CPU
		Release|Any CPU = Release|Any CPU
	EndGlobalSection
	GlobalSection(SolutionProperties) = preSolution
		HideSolutionNode = FALSE
	EndGlobalSection
	GlobalSection(ProjectConfigurationPlatforms) = postSolution
		{E50D09D5-15D3-4A42-931C-0EB4E0CF2A36}.Debug|Any CPU.ActiveCfg = Debug|Any CPU
		{E50D09D5-15D3-4A42-931C-0EB4E0CF2A36}.Debug|Any CPU.Build.0 = Debug|Any CPU
		{E50D09D5-15D3-4A42-931C-0EB4E0CF2A36}.Release|Any CPU.ActiveCfg = Release|Any CPU
		{E50D09D5-15D3-4A42-931C-0EB4E0CF2A36}.Release|Any CPU.Build.0 = Release|Any CPU
		{45C169EA-D587-4FD1-86B6-DDC3BF358DBF}.Debug|Any CPU.ActiveCfg = Debug|Any CPU
		{45C169EA-D587-4FD1-86B6-DDC3BF358DBF}.Debug|Any CPU.Build.0 = Debug|Any CPU
		{45C169EA-D587-4FD1-86B6-DDC3BF358DBF}.Release|Any CPU.ActiveCfg = Release|Any CPU
		{45C169EA-D587-4FD1-86B6-DDC3BF358DBF}.Release|Any CPU.Build.0 = Release|Any CPU
	EndGlobalSection
	GlobalSection(NestedProjects) = preSolution
		{E50D09D5-15D3-4A42-931C-0EB4E0CF2A36} = {1043858B-DD97-4B5D-962F-FF5C88587555}
		{45C169EA-D587-4FD1-86B6-DDC3BF358DBF} = {1043858B-DD97-4B5D-962F-FF5C88587555}
	EndGlobalSection
EndGlobal
